
Microsoft Visual Studio Solution File, Format Version 12.00
# Visual Studio 15
VisualStudioVersion = 15.0.27703.2000
MinimumVisualStudioVersion = 10.0.40219.1
Project("{FAE04EC0-301F-11D3-BF4B-00C04F79EFBC}") = "ContextWebForm", "ContextWebForm\ContextWebForm.csproj", "{0EE97995-8373-43DE-B193-B29AC1DC4268}"
EndProject
Global
	GlobalSection(SolutionConfigurationPlatforms) = preSolution
		Debug|Any CPU = Debug|Any CPU
		Release|Any CPU = Release|Any CPU
	EndGlobalSection
	GlobalSection(ProjectConfigurationPlatforms) = postSolution
		{0EE97995-8373-43DE-B193-B29AC1DC4268}.Debug|Any CPU.ActiveCfg = Debug|Any CPU
		{0EE97995-8373-43DE-B193-B29AC1DC4268}.Debug|Any CPU.Build.0 = Debug|Any CPU
		{0EE97995-8373-43DE-B193-B29AC1DC4268}.Release|Any CPU.ActiveCfg = Release|Any CPU
		{0EE97995-8373-43DE-B193-B29AC1DC4268}.Release|Any CPU.Build.0 = Release|Any CPU
	EndGlobalSection
	GlobalSection(SolutionProperties) = preSolution
		HideSolutionNode = FALSE
	EndGlobalSection
	GlobalSection(ExtensibilityGlobals) = postSolution
		SolutionGuid = {CEDDA6B7-6936-428C-A7B2-19D1A2C952B4}
	EndGlobalSection
EndGlobal
